
Microsoft Visual Studio Solution File, Format Version 12.00
# Visual Studio Version 16
VisualStudioVersion = 16.0.808.8
MinimumVisualStudioVersion = 10.0.40219.1
Project("{FAE04EC0-301F-11D3-BF4B-00C04F79EFBC}") = "MacApi1", "MacApi1\MacApi1.csproj", "{3C3EE89B-1063-4AA7-ACFC-2BD30ED63251}"
EndProject
Project("{E53339B2-1760-4266-BCC7-CA923CBCF16C}") = "docker-compose", "docker-compose.dcproj", "{AE18F9E6-3F26-43FB-8B1F-67E5A69EC8CB}"
EndProject
Global
	GlobalSection(SolutionConfigurationPlatforms) = preSolution
		Debug|Any CPU = Debug|Any CPU
		Release|Any CPU = Release|Any CPU
	EndGlobalSection
	GlobalSection(ProjectConfigurationPlatforms) = postSolution
		{3C3EE89B-1063-4AA7-ACFC-2BD30ED63251}.Debug|Any CPU.ActiveCfg = Debug|Any CPU
		{3C3EE89B-1063-4AA7-ACFC-2BD30ED63251}.Debug|Any CPU.Build.0 = Debug|Any CPU
		{3C3EE89B-1063-4AA7-ACFC-2BD30ED63251}.Release|Any CPU.ActiveCfg = Release|Any CPU
		{3C3EE89B-1063-4AA7-ACFC-2BD30ED63251}.Release|Any CPU.Build.0 = Release|Any CPU
		{AE18F9E6-3F26-43FB-8B1F-67E5A69EC8CB}.Debug|Any CPU.ActiveCfg = Debug|Any CPU
		{AE18F9E6-3F26-43FB-8B1F-67E5A69EC8CB}.Debug|Any CPU.Build.0 = Debug|Any CPU
		{AE18F9E6-3F26-43FB-8B1F-67E5A69EC8CB}.Release|Any CPU.ActiveCfg = Release|Any CPU
		{AE18F9E6-3F26-43FB-8B1F-67E5A69EC8CB}.Release|Any CPU.Build.0 = Release|Any CPU
	EndGlobalSection
	GlobalSection(SolutionProperties) = preSolution
		HideSolutionNode = FALSE
	EndGlobalSection
	GlobalSection(ExtensibilityGlobals) = postSolution
		SolutionGuid = {6D40C621-376C-4713-A799-3C1ACCA46111}
	EndGlobalSection
EndGlobal
